
Microsoft Visual Studio Solution File, Format Version 12.00
# Visual Studio 15
VisualStudioVersion = 15.0.28307.705
MinimumVisualStudioVersion = 10.0.40219.1
Project("{888888A0-9F3D-457C-B088-3A5042F75D52}") = "Youtube - Upload Automator", "Youtube - Upload Automator\Youtube - Upload Automator.pyproj", "{083E6D23-7AB1-4C7F-8037-A019DFA5B7F1}"
EndProject
Global
	GlobalSection(SolutionConfigurationPlatforms) = preSolution
		Debug|Any CPU = Debug|Any CPU
		Release|Any CPU = Release|Any CPU
	EndGlobalSection
	GlobalSection(ProjectConfigurationPlatforms) = postSolution
		{083E6D23-7AB1-4C7F-8037-A019DFA5B7F1}.Debug|Any CPU.ActiveCfg = Debug|Any CPU
		{083E6D23-7AB1-4C7F-8037-A019DFA5B7F1}.Release|Any CPU.ActiveCfg = Release|Any CPU
	EndGlobalSection
	GlobalSection(SolutionProperties) = preSolution
		HideSolutionNode = FALSE
	EndGlobalSection
	GlobalSection(ExtensibilityGlobals) = postSolution
		SolutionGuid = {91CE44FB-00E6-4410-853C-E3C29AAFD68D}
	EndGlobalSection
EndGlobal
